// !$*UTF8*$!
{
	archiveVersion = 1;
	classes = {
	};
	objectVersion = 46;
	objects = {

/* Begin PBXBuildFile section */
		420C9625AA92469687F4FA5A /* libPods-AutomationDemo.a in Frameworks */ = {isa = PBXBuildFile; fileRef = BFC02BC236C9427097644B17 /* libPods-AutomationDemo.a */; };
		948881E7436C4BE5A6A8072B /* libPods-AutomationDemoTests.a in Frameworks */ = {isa = PBXBuildFile; fileRef = 8560EC042E544978A0F4ABD6 /* libPods-AutomationDemoTests.a */; };
		F449E82E187C642A00FB9257 /* TRMailDetailsViewController.m in Sources */ = {isa = PBXBuildFile; fileRef = F449E82D187C642A00FB9257 /* TRMailDetailsViewController.m */; };
		F449E82F187C642A00FB9257 /* TRMailDetailsViewController.m in Sources */ = {isa = PBXBuildFile; fileRef = F449E82D187C642A00FB9257 /* TRMailDetailsViewController.m */; };
		F454D6B5187C2E93001EA052 /* TRMailModel.m in Sources */ = {isa = PBXBuildFile; fileRef = F454D6B4187C2E93001EA052 /* TRMailModel.m */; };
		F4763861187C362400368E27 /* TRMailModel+Fake.m in Sources */ = {isa = PBXBuildFile; fileRef = F4763860187C362400368E27 /* TRMailModel+Fake.m */; };
		F4763864187C3EBF00368E27 /* NSDate+Format.m in Sources */ = {isa = PBXBuildFile; fileRef = F4763863187C3EBF00368E27 /* NSDate+Format.m */; };
		F47C00B318782738006F5720 /* Foundation.framework in Frameworks */ = {isa = PBXBuildFile; fileRef = F47C00B218782738006F5720 /* Foundation.framework */; };
		F47C00B518782738006F5720 /* CoreGraphics.framework in Frameworks */ = {isa = PBXBuildFile; fileRef = F47C00B418782738006F5720 /* CoreGraphics.framework */; };
		F47C00B718782738006F5720 /* UIKit.framework in Frameworks */ = {isa = PBXBuildFile; fileRef = F47C00B618782738006F5720 /* UIKit.framework */; };
		F47C00BD18782738006F5720 /* InfoPlist.strings in Resources */ = {isa = PBXBuildFile; fileRef = F47C00BB18782738006F5720 /* InfoPlist.strings */; };
		F47C00BF18782738006F5720 /* main.m in Sources */ = {isa = PBXBuildFile; fileRef = F47C00BE18782738006F5720 /* main.m */; };
		F47C00C618782738006F5720 /* Main.storyboard in Resources */ = {isa = PBXBuildFile; fileRef = F47C00C418782738006F5720 /* Main.storyboard */; };
		F47C00CB18782738006F5720 /* Images.xcassets in Resources */ = {isa = PBXBuildFile; fileRef = F47C00CA18782738006F5720 /* Images.xcassets */; };
		F47C00D218782738006F5720 /* XCTest.framework in Frameworks */ = {isa = PBXBuildFile; fileRef = F47C00D118782738006F5720 /* XCTest.framework */; };
		F47C00D318782738006F5720 /* Foundation.framework in Frameworks */ = {isa = PBXBuildFile; fileRef = F47C00B218782738006F5720 /* Foundation.framework */; };
		F47C00D418782738006F5720 /* UIKit.framework in Frameworks */ = {isa = PBXBuildFile; fileRef = F47C00B618782738006F5720 /* UIKit.framework */; };
		F47C00DC18782738006F5720 /* InfoPlist.strings in Resources */ = {isa = PBXBuildFile; fileRef = F47C00DA18782738006F5720 /* InfoPlist.strings */; };
		F47C00DE18782738006F5720 /* AutomationDemoTests.m in Sources */ = {isa = PBXBuildFile; fileRef = F47C00DD18782738006F5720 /* AutomationDemoTests.m */; };
		F47C00ED18782B32006F5720 /* TRAppDelegate.m in Sources */ = {isa = PBXBuildFile; fileRef = F47C00E918782B32006F5720 /* TRAppDelegate.m */; };
		F47C00EE18782B32006F5720 /* TRAppDelegate.m in Sources */ = {isa = PBXBuildFile; fileRef = F47C00E918782B32006F5720 /* TRAppDelegate.m */; };
		F47C00EF18782B32006F5720 /* TRHomeViewController.m in Sources */ = {isa = PBXBuildFile; fileRef = F47C00EC18782B32006F5720 /* TRHomeViewController.m */; };
		F47C00F018782B32006F5720 /* TRHomeViewController.m in Sources */ = {isa = PBXBuildFile; fileRef = F47C00EC18782B32006F5720 /* TRHomeViewController.m */; };
		F47C00F318782B8D006F5720 /* TRStateController.m in Sources */ = {isa = PBXBuildFile; fileRef = F47C00F218782B8D006F5720 /* TRStateController.m */; };
		F47C00F418782B8D006F5720 /* TRStateController.m in Sources */ = {isa = PBXBuildFile; fileRef = F47C00F218782B8D006F5720 /* TRStateController.m */; };
		F47C00F718783117006F5720 /* TRLoginViewController.m in Sources */ = {isa = PBXBuildFile; fileRef = F47C00F618783117006F5720 /* TRLoginViewController.m */; };
		F47C00F818783117006F5720 /* TRLoginViewController.m in Sources */ = {isa = PBXBuildFile; fileRef = F47C00F618783117006F5720 /* TRLoginViewController.m */; };
		F47C00FC18785151006F5720 /* TREmailCell.m in Sources */ = {isa = PBXBuildFile; fileRef = F47C00FB18785151006F5720 /* TREmailCell.m */; };
		F47C00FD18785151006F5720 /* TREmailCell.m in Sources */ = {isa = PBXBuildFile; fileRef = F47C00FB18785151006F5720 /* TREmailCell.m */; };
		F47C0100187851B0006F5720 /* TREmailTableViewController.m in Sources */ = {isa = PBXBuildFile; fileRef = F47C00FF187851B0006F5720 /* TREmailTableViewController.m */; };
		F47C0101187851B0006F5720 /* TREmailTableViewController.m in Sources */ = {isa = PBXBuildFile; fileRef = F47C00FF187851B0006F5720 /* TREmailTableViewController.m */; };
/* End PBXBuildFile section */

/* Begin PBXContainerItemProxy section */
		F47C00D518782738006F5720 /* PBXContainerItemProxy */ = {
			isa = PBXContainerItemProxy;
			containerPortal = F47C00A718782738006F5720 /* Project object */;
			proxyType = 1;
			remoteGlobalIDString = F47C00AE18782738006F5720;
			remoteInfo = AutomationDemo;
		};
/* End PBXContainerItemProxy section */

/* Begin PBXFileReference section */
		4097B0A9D0F64C76822B7138 /* Pods-AutomationDemoTests.xcconfig */ = {isa = PBXFileReference; includeInIndex = 1; lastKnownFileType = text.xcconfig; name = "Pods-AutomationDemoTests.xcconfig"; path = "Pods/Pods-AutomationDemoTests.xcconfig"; sourceTree = "<group>"; };
		8560EC042E544978A0F4ABD6 /* libPods-AutomationDemoTests.a */ = {isa = PBXFileReference; explicitFileType = archive.ar; includeInIndex = 0; path = "libPods-AutomationDemoTests.a"; sourceTree = BUILT_PRODUCTS_DIR; };
		BFC02BC236C9427097644B17 /* libPods-AutomationDemo.a */ = {isa = PBXFileReference; explicitFileType = archive.ar; includeInIndex = 0; path = "libPods-AutomationDemo.a"; sourceTree = BUILT_PRODUCTS_DIR; };
		D45AC603E5B542BFA0B61CAF /* Pods-AutomationDemo.xcconfig */ = {isa = PBXFileReference; includeInIndex = 1; lastKnownFileType = text.xcconfig; name = "Pods-AutomationDemo.xcconfig"; path = "Pods/Pods-AutomationDemo.xcconfig"; sourceTree = "<group>"; };
		F449E82C187C642A00FB9257 /* TRMailDetailsViewController.h */ = {isa = PBXFileReference; fileEncoding = 4; lastKnownFileType = sourcecode.c.h; path = TRMailDetailsViewController.h; sourceTree = "<group>"; };
		F449E82D187C642A00FB9257 /* TRMailDetailsViewController.m */ = {isa = PBXFileReference; fileEncoding = 4; lastKnownFileType = sourcecode.c.objc; path = TRMailDetailsViewController.m; sourceTree = "<group>"; };
		F454D6B3187C2E93001EA052 /* TRMailModel.h */ = {isa = PBXFileReference; fileEncoding = 4; lastKnownFileType = sourcecode.c.h; path = TRMailModel.h; sourceTree = "<group>"; };
		F454D6B4187C2E93001EA052 /* TRMailModel.m */ = {isa = PBXFileReference; fileEncoding = 4; lastKnownFileType = sourcecode.c.objc; path = TRMailModel.m; sourceTree = "<group>"; };
		F476385F187C362400368E27 /* TRMailModel+Fake.h */ = {isa = PBXFileReference; fileEncoding = 4; lastKnownFileType = sourcecode.c.h; path = "TRMailModel+Fake.h"; sourceTree = "<group>"; };
		F4763860187C362400368E27 /* TRMailModel+Fake.m */ = {isa = PBXFileReference; fileEncoding = 4; lastKnownFileType = sourcecode.c.objc; path = "TRMailModel+Fake.m"; sourceTree = "<group>"; };
		F4763862187C3EBF00368E27 /* NSDate+Format.h */ = {isa = PBXFileReference; fileEncoding = 4; lastKnownFileType = sourcecode.c.h; path = "NSDate+Format.h"; sourceTree = "<group>"; };
		F4763863187C3EBF00368E27 /* NSDate+Format.m */ = {isa = PBXFileReference; fileEncoding = 4; lastKnownFileType = sourcecode.c.objc; path = "NSDate+Format.m"; sourceTree = "<group>"; };
		F47C00AF18782738006F5720 /* AutomationDemo.app */ = {isa = PBXFileReference; explicitFileType = wrapper.application; includeInIndex = 0; path = AutomationDemo.app; sourceTree = BUILT_PRODUCTS_DIR; };
		F47C00B218782738006F5720 /* Foundation.framework */ = {isa = PBXFileReference; lastKnownFileType = wrapper.framework; name = Foundation.framework; path = System/Library/Frameworks/Foundation.framework; sourceTree = SDKROOT; };
		F47C00B418782738006F5720 /* CoreGraphics.framework */ = {isa = PBXFileReference; lastKnownFileType = wrapper.framework; name = CoreGraphics.framework; path = System/Library/Frameworks/CoreGraphics.framework; sourceTree = SDKROOT; };
		F47C00B618782738006F5720 /* UIKit.framework */ = {isa = PBXFileReference; lastKnownFileType = wrapper.framework; name = UIKit.framework; path = System/Library/Frameworks/UIKit.framework; sourceTree = SDKROOT; };
		F47C00BA18782738006F5720 /* AutomationDemo-Info.plist */ = {isa = PBXFileReference; lastKnownFileType = text.plist.xml; path = "AutomationDemo-Info.plist"; sourceTree = "<group>"; };
		F47C00BC18782738006F5720 /* en */ = {isa = PBXFileReference; lastKnownFileType = text.plist.strings; name = en; path = en.lproj/InfoPlist.strings; sourceTree = "<group>"; };
		F47C00BE18782738006F5720 /* main.m */ = {isa = PBXFileReference; lastKnownFileType = sourcecode.c.objc; path = main.m; sourceTree = "<group>"; };
		F47C00C018782738006F5720 /* AutomationDemo-Prefix.pch */ = {isa = PBXFileReference; lastKnownFileType = sourcecode.c.h; path = "AutomationDemo-Prefix.pch"; sourceTree = "<group>"; };
		F47C00C518782738006F5720 /* Base */ = {isa = PBXFileReference; lastKnownFileType = file.storyboard; name = Base; path = Base.lproj/Main.storyboard; sourceTree = "<group>"; };
		F47C00CA18782738006F5720 /* Images.xcassets */ = {isa = PBXFileReference; lastKnownFileType = folder.assetcatalog; path = Images.xcassets; sourceTree = "<group>"; };
		F47C00D018782738006F5720 /* AutomationDemoTests.octest */ = {isa = PBXFileReference; explicitFileType = wrapper.cfbundle; includeInIndex = 0; path = AutomationDemoTests.octest; sourceTree = BUILT_PRODUCTS_DIR; };
		F47C00D118782738006F5720 /* XCTest.framework */ = {isa = PBXFileReference; lastKnownFileType = wrapper.framework; name = XCTest.framework; path = Library/Frameworks/XCTest.framework; sourceTree = DEVELOPER_DIR; };
		F47C00D918782738006F5720 /* AutomationDemoTests-Info.plist */ = {isa = PBXFileReference; lastKnownFileType = text.plist.xml; path = "AutomationDemoTests-Info.plist"; sourceTree = "<group>"; };
		F47C00DB18782738006F5720 /* en */ = {isa = PBXFileReference; lastKnownFileType = text.plist.strings; name = en; path = en.lproj/InfoPlist.strings; sourceTree = "<group>"; };
		F47C00DD18782738006F5720 /* AutomationDemoTests.m */ = {isa = PBXFileReference; lastKnownFileType = sourcecode.c.objc; path = AutomationDemoTests.m; sourceTree = "<group>"; };
		F47C00E818782B32006F5720 /* TRAppDelegate.h */ = {isa = PBXFileReference; fileEncoding = 4; lastKnownFileType = sourcecode.c.h; name = TRAppDelegate.h; path = Sources/TRAppDelegate.h; sourceTree = "<group>"; };
		F47C00E918782B32006F5720 /* TRAppDelegate.m */ = {isa = PBXFileReference; fileEncoding = 4; lastKnownFileType = sourcecode.c.objc; name = TRAppDelegate.m; path = Sources/TRAppDelegate.m; sourceTree = "<group>"; };
		F47C00EB18782B32006F5720 /* TRHomeViewController.h */ = {isa = PBXFileReference; fileEncoding = 4; lastKnownFileType = sourcecode.c.h; path = TRHomeViewController.h; sourceTree = "<group>"; };
		F47C00EC18782B32006F5720 /* TRHomeViewController.m */ = {isa = PBXFileReference; fileEncoding = 4; lastKnownFileType = sourcecode.c.objc; path = TRHomeViewController.m; sourceTree = "<group>"; };
		F47C00F118782B8D006F5720 /* TRStateController.h */ = {isa = PBXFileReference; fileEncoding = 4; lastKnownFileType = sourcecode.c.h; path = TRStateController.h; sourceTree = "<group>"; };
		F47C00F218782B8D006F5720 /* TRStateController.m */ = {isa = PBXFileReference; fileEncoding = 4; lastKnownFileType = sourcecode.c.objc; path = TRStateController.m; sourceTree = "<group>"; };
		F47C00F518783117006F5720 /* TRLoginViewController.h */ = {isa = PBXFileReference; fileEncoding = 4; lastKnownFileType = sourcecode.c.h; path = TRLoginViewController.h; sourceTree = "<group>"; };
		F47C00F618783117006F5720 /* TRLoginViewController.m */ = {isa = PBXFileReference; fileEncoding = 4; lastKnownFileType = sourcecode.c.objc; path = TRLoginViewController.m; sourceTree = "<group>"; };
		F47C00FA18785151006F5720 /* TREmailCell.h */ = {isa = PBXFileReference; fileEncoding = 4; lastKnownFileType = sourcecode.c.h; path = TREmailCell.h; sourceTree = "<group>"; };
		F47C00FB18785151006F5720 /* TREmailCell.m */ = {isa = PBXFileReference; fileEncoding = 4; lastKnownFileType = sourcecode.c.objc; path = TREmailCell.m; sourceTree = "<group>"; };
		F47C00FE187851B0006F5720 /* TREmailTableViewController.h */ = {isa = PBXFileReference; fileEncoding = 4; lastKnownFileType = sourcecode.c.h; path = TREmailTableViewController.h; sourceTree = "<group>"; };
		F47C00FF187851B0006F5720 /* TREmailTableViewController.m */ = {isa = PBXFileReference; fileEncoding = 4; lastKnownFileType = sourcecode.c.objc; path = TREmailTableViewController.m; sourceTree = "<group>"; };
/* End PBXFileReference section */

/* Begin PBXFrameworksBuildPhase section */
		F47C00AC18782738006F5720 /* Frameworks */ = {
			isa = PBXFrameworksBuildPhase;
			buildActionMask = 2147483647;
			files = (
				F47C00B518782738006F5720 /* CoreGraphics.framework in Frameworks */,
				F47C00B718782738006F5720 /* UIKit.framework in Frameworks */,
				F47C00B318782738006F5720 /* Foundation.framework in Frameworks */,
				420C9625AA92469687F4FA5A /* libPods-AutomationDemo.a in Frameworks */,
			);
			runOnlyForDeploymentPostprocessing = 0;
		};
		F47C00CD18782738006F5720 /* Frameworks */ = {
			isa = PBXFrameworksBuildPhase;
			buildActionMask = 2147483647;
			files = (
				F47C00D218782738006F5720 /* XCTest.framework in Frameworks */,
				F47C00D418782738006F5720 /* UIKit.framework in Frameworks */,
				F47C00D318782738006F5720 /* Foundation.framework in Frameworks */,
				948881E7436C4BE5A6A8072B /* libPods-AutomationDemoTests.a in Frameworks */,
			);
			runOnlyForDeploymentPostprocessing = 0;
		};
/* End PBXFrameworksBuildPhase section */

/* Begin PBXGroup section */
		F454D6B2187C2E55001EA052 /* Models */ = {
			isa = PBXGroup;
			children = (
				F454D6B3187C2E93001EA052 /* TRMailModel.h */,
				F454D6B4187C2E93001EA052 /* TRMailModel.m */,
			);
			path = Models;
			sourceTree = "<group>";
		};
		F476385E187C360A00368E27 /* Categories */ = {
			isa = PBXGroup;
			children = (
				F476385F187C362400368E27 /* TRMailModel+Fake.h */,
				F4763860187C362400368E27 /* TRMailModel+Fake.m */,
				F4763862187C3EBF00368E27 /* NSDate+Format.h */,
				F4763863187C3EBF00368E27 /* NSDate+Format.m */,
			);
			path = Categories;
			sourceTree = "<group>";
		};
		F47C00A618782738006F5720 = {
			isa = PBXGroup;
			children = (
				F47C00B818782738006F5720 /* AutomationDemo */,
				F47C00D718782738006F5720 /* AutomationDemoTests */,
				F47C00B118782738006F5720 /* Frameworks */,
				F47C00B018782738006F5720 /* Products */,
				D45AC603E5B542BFA0B61CAF /* Pods-AutomationDemo.xcconfig */,
				4097B0A9D0F64C76822B7138 /* Pods-AutomationDemoTests.xcconfig */,
			);
			sourceTree = "<group>";
		};
		F47C00B018782738006F5720 /* Products */ = {
			isa = PBXGroup;
			children = (
				F47C00AF18782738006F5720 /* AutomationDemo.app */,
				F47C00D018782738006F5720 /* AutomationDemoTests.octest */,
			);
			name = Products;
			sourceTree = "<group>";
		};
		F47C00B118782738006F5720 /* Frameworks */ = {
			isa = PBXGroup;
			children = (
				F47C00B218782738006F5720 /* Foundation.framework */,
				F47C00B418782738006F5720 /* CoreGraphics.framework */,
				F47C00B618782738006F5720 /* UIKit.framework */,
				F47C00D118782738006F5720 /* XCTest.framework */,
				BFC02BC236C9427097644B17 /* libPods-AutomationDemo.a */,
				8560EC042E544978A0F4ABD6 /* libPods-AutomationDemoTests.a */,
			);
			name = Frameworks;
			sourceTree = "<group>";
		};
		F47C00B818782738006F5720 /* AutomationDemo */ = {
			isa = PBXGroup;
			children = (
				F47C00C418782738006F5720 /* Main.storyboard */,
				F476385E187C360A00368E27 /* Categories */,
				F47C00E718782B32006F5720 /* Controllers */,
				F454D6B2187C2E55001EA052 /* Models */,
				F47C00B918782738006F5720 /* Supporting Files */,
				F47C00E818782B32006F5720 /* TRAppDelegate.h */,
				F47C00E918782B32006F5720 /* TRAppDelegate.m */,
				F47C00EA18782B32006F5720 /* View Controllers */,
				F47C00F918785134006F5720 /* Views */,
			);
			path = AutomationDemo;
			sourceTree = "<group>";
		};
		F47C00B918782738006F5720 /* Supporting Files */ = {
			isa = PBXGroup;
			children = (
				F47C00CA18782738006F5720 /* Images.xcassets */,
				F47C00BA18782738006F5720 /* AutomationDemo-Info.plist */,
				F47C00BB18782738006F5720 /* InfoPlist.strings */,
				F47C00BE18782738006F5720 /* main.m */,
				F47C00C018782738006F5720 /* AutomationDemo-Prefix.pch */,
			);
			name = "Supporting Files";
			sourceTree = "<group>";
		};
		F47C00D718782738006F5720 /* AutomationDemoTests */ = {
			isa = PBXGroup;
			children = (
				F47C00DD18782738006F5720 /* AutomationDemoTests.m */,
				F47C00D818782738006F5720 /* Supporting Files */,
			);
			path = AutomationDemoTests;
			sourceTree = "<group>";
		};
		F47C00D818782738006F5720 /* Supporting Files */ = {
			isa = PBXGroup;
			children = (
				F47C00D918782738006F5720 /* AutomationDemoTests-Info.plist */,
				F47C00DA18782738006F5720 /* InfoPlist.strings */,
			);
			name = "Supporting Files";
			sourceTree = "<group>";
		};
		F47C00E718782B32006F5720 /* Controllers */ = {
			isa = PBXGroup;
			children = (
				F47C00F118782B8D006F5720 /* TRStateController.h */,
				F47C00F218782B8D006F5720 /* TRStateController.m */,
			);
			name = Controllers;
			path = Sources/Controllers;
			sourceTree = "<group>";
		};
		F47C00EA18782B32006F5720 /* View Controllers */ = {
			isa = PBXGroup;
			children = (
				F47C00EB18782B32006F5720 /* TRHomeViewController.h */,
				F47C00EC18782B32006F5720 /* TRHomeViewController.m */,
				F47C00F518783117006F5720 /* TRLoginViewController.h */,
				F47C00F618783117006F5720 /* TRLoginViewController.m */,
				F47C00FE187851B0006F5720 /* TREmailTableViewController.h */,
				F47C00FF187851B0006F5720 /* TREmailTableViewController.m */,
				F449E82C187C642A00FB9257 /* TRMailDetailsViewController.h */,
				F449E82D187C642A00FB9257 /* TRMailDetailsViewController.m */,
			);
			name = "View Controllers";
			path = "Sources/View Controllers";
			sourceTree = "<group>";
		};
		F47C00F918785134006F5720 /* Views */ = {
			isa = PBXGroup;
			children = (
				F47C00FA18785151006F5720 /* TREmailCell.h */,
				F47C00FB18785151006F5720 /* TREmailCell.m */,
			);
			name = Views;
			path = Sources/Views;
			sourceTree = "<group>";
		};
/* End PBXGroup section */

/* Begin PBXNativeTarget section */
		F47C00AE18782738006F5720 /* AutomationDemo */ = {
			isa = PBXNativeTarget;
			buildConfigurationList = F47C00E118782738006F5720 /* Build configuration list for PBXNativeTarget "AutomationDemo" */;
			buildPhases = (
				662150F5822C441A9989E626 /* Check Pods Manifest.lock */,
				F47C00AB18782738006F5720 /* Sources */,
				F47C00AC18782738006F5720 /* Frameworks */,
				F47C00AD18782738006F5720 /* Resources */,
				517E8C72C2194F6C9031941E /* Copy Pods Resources */,
			);
			buildRules = (
			);
			dependencies = (
			);
			name = AutomationDemo;
			productName = AutomationDemo;
			productReference = F47C00AF18782738006F5720 /* AutomationDemo.app */;
			productType = "com.apple.product-type.application";
		};
		F47C00CF18782738006F5720 /* AutomationDemoTests */ = {
			isa = PBXNativeTarget;
			buildConfigurationList = F47C00E418782738006F5720 /* Build configuration list for PBXNativeTarget "AutomationDemoTests" */;
			buildPhases = (
				89A79C443D654013A6A189D4 /* Check Pods Manifest.lock */,
				F47C00CC18782738006F5720 /* Sources */,
				F47C00CD18782738006F5720 /* Frameworks */,
				F47C00CE18782738006F5720 /* Resources */,
				A6B01A24750842A7B0CC976E /* Copy Pods Resources */,
			);
			buildRules = (
			);
			dependencies = (
				F47C00D618782738006F5720 /* PBXTargetDependency */,
			);
			name = AutomationDemoTests;
			productName = AutomationDemoTests;
			productReference = F47C00D018782738006F5720 /* AutomationDemoTests.octest */;
			productType = "com.apple.product-type.bundle.unit-test";
		};
/* End PBXNativeTarget section */

/* Begin PBXProject section */
		F47C00A718782738006F5720 /* Project object */ = {
			isa = PBXProject;
			attributes = {
				CLASSPREFIX = TR;
				LastUpgradeCheck = 0510;
				ORGANIZATIONNAME = trispo;
				TargetAttributes = {
					F47C00CF18782738006F5720 = {
						TestTargetID = F47C00AE18782738006F5720;
					};
				};
			};
			buildConfigurationList = F47C00AA18782738006F5720 /* Build configuration list for PBXProject "AutomationDemo" */;
			compatibilityVersion = "Xcode 3.2";
			developmentRegion = English;
			hasScannedForEncodings = 0;
			knownRegions = (
				en,
				Base,
			);
			mainGroup = F47C00A618782738006F5720;
			productRefGroup = F47C00B018782738006F5720 /* Products */;
			projectDirPath = "";
			projectRoot = "";
			targets = (
				F47C00AE18782738006F5720 /* AutomationDemo */,
				F47C00CF18782738006F5720 /* AutomationDemoTests */,
			);
		};
/* End PBXProject section */

/* Begin PBXResourcesBuildPhase section */
		F47C00AD18782738006F5720 /* Resources */ = {
			isa = PBXResourcesBuildPhase;
			buildActionMask = 2147483647;
			files = (
				F47C00CB18782738006F5720 /* Images.xcassets in Resources */,
				F47C00BD18782738006F5720 /* InfoPlist.strings in Resources */,
				F47C00C618782738006F5720 /* Main.storyboard in Resources */,
			);
			runOnlyForDeploymentPostprocessing = 0;
		};
		F47C00CE18782738006F5720 /* Resources */ = {
			isa = PBXResourcesBuildPhase;
			buildActionMask = 2147483647;
			files = (
				F47C00DC18782738006F5720 /* InfoPlist.strings in Resources */,
			);
			runOnlyForDeploymentPostprocessing = 0;
		};
/* End PBXResourcesBuildPhase section */

/* Begin PBXShellScriptBuildPhase section */
		517E8C72C2194F6C9031941E /* Copy Pods Resources */ = {
			isa = PBXShellScriptBuildPhase;
			buildActionMask = 2147483647;
			files = (
			);
			inputPaths = (
			);
			name = "Copy Pods Resources";
			outputPaths = (
			);
			runOnlyForDeploymentPostprocessing = 0;
			shellPath = /bin/sh;
			shellScript = "\"${SRCROOT}/Pods/Pods-AutomationDemo-resources.sh\"\n";
			showEnvVarsInLog = 0;
		};
		662150F5822C441A9989E626 /* Check Pods Manifest.lock */ = {
			isa = PBXShellScriptBuildPhase;
			buildActionMask = 2147483647;
			files = (
			);
			inputPaths = (
			);
			name = "Check Pods Manifest.lock";
			outputPaths = (
			);
			runOnlyForDeploymentPostprocessing = 0;
			shellPath = /bin/sh;
			shellScript = "diff \"${PODS_ROOT}/../Podfile.lock\" \"${PODS_ROOT}/Manifest.lock\" > /dev/null\nif [[ $? != 0 ]] ; then\n    cat << EOM\nerror: The sandbox is not in sync with the Podfile.lock. Run 'pod install' or update your CocoaPods installation.\nEOM\n    exit 1\nfi\n";
			showEnvVarsInLog = 0;
		};
		89A79C443D654013A6A189D4 /* Check Pods Manifest.lock */ = {
			isa = PBXShellScriptBuildPhase;
			buildActionMask = 2147483647;
			files = (
			);
			inputPaths = (
			);
			name = "Check Pods Manifest.lock";
			outputPaths = (
			);
			runOnlyForDeploymentPostprocessing = 0;
			shellPath = /bin/sh;
			shellScript = "diff \"${PODS_ROOT}/../Podfile.lock\" \"${PODS_ROOT}/Manifest.lock\" > /dev/null\nif [[ $? != 0 ]] ; then\n    cat << EOM\nerror: The sandbox is not in sync with the Podfile.lock. Run 'pod install' or update your CocoaPods installation.\nEOM\n    exit 1\nfi\n";
			showEnvVarsInLog = 0;
		};
		A6B01A24750842A7B0CC976E /* Copy Pods Resources */ = {
			isa = PBXShellScriptBuildPhase;
			buildActionMask = 2147483647;
			files = (
			);
			inputPaths = (
			);
			name = "Copy Pods Resources";
			outputPaths = (
			);
			runOnlyForDeploymentPostprocessing = 0;
			shellPath = /bin/sh;
			shellScript = "\"${SRCROOT}/Pods/Pods-AutomationDemoTests-resources.sh\"\n";
			showEnvVarsInLog = 0;
		};
/* End PBXShellScriptBuildPhase section */

/* Begin PBXSourcesBuildPhase section */
		F47C00AB18782738006F5720 /* Sources */ = {
			isa = PBXSourcesBuildPhase;
			buildActionMask = 2147483647;
			files = (
				F47C00EF18782B32006F5720 /* TRHomeViewController.m in Sources */,
				F47C0100187851B0006F5720 /* TREmailTableViewController.m in Sources */,
				F454D6B5187C2E93001EA052 /* TRMailModel.m in Sources */,
				F47C00F318782B8D006F5720 /* TRStateController.m in Sources */,
				F47C00ED18782B32006F5720 /* TRAppDelegate.m in Sources */,
				F4763864187C3EBF00368E27 /* NSDate+Format.m in Sources */,
				F4763861187C362400368E27 /* TRMailModel+Fake.m in Sources */,
				F47C00F718783117006F5720 /* TRLoginViewController.m in Sources */,
				F449E82E187C642A00FB9257 /* TRMailDetailsViewController.m in Sources */,
				F47C00FC18785151006F5720 /* TREmailCell.m in Sources */,
				F47C00BF18782738006F5720 /* main.m in Sources */,
			);
			runOnlyForDeploymentPostprocessing = 0;
		};
		F47C00CC18782738006F5720 /* Sources */ = {
			isa = PBXSourcesBuildPhase;
			buildActionMask = 2147483647;
			files = (
				F47C00F018782B32006F5720 /* TRHomeViewController.m in Sources */,
				F47C0101187851B0006F5720 /* TREmailTableViewController.m in Sources */,
				F47C00F418782B8D006F5720 /* TRStateController.m in Sources */,
				F47C00EE18782B32006F5720 /* TRAppDelegate.m in Sources */,
				F47C00F818783117006F5720 /* TRLoginViewController.m in Sources */,
				F47C00FD18785151006F5720 /* TREmailCell.m in Sources */,
				F449E82F187C642A00FB9257 /* TRMailDetailsViewController.m in Sources */,
				F47C00DE18782738006F5720 /* AutomationDemoTests.m in Sources */,
			);
			runOnlyForDeploymentPostprocessing = 0;
		};
/* End PBXSourcesBuildPhase section */

/* Begin PBXTargetDependency section */
		F47C00D618782738006F5720 /* PBXTargetDependency */ = {
			isa = PBXTargetDependency;
			target = F47C00AE18782738006F5720 /* AutomationDemo */;
			targetProxy = F47C00D518782738006F5720 /* PBXContainerItemProxy */;
		};
/* End PBXTargetDependency section */

/* Begin PBXVariantGroup section */
		F47C00BB18782738006F5720 /* InfoPlist.strings */ = {
			isa = PBXVariantGroup;
			children = (
				F47C00BC18782738006F5720 /* en */,
			);
			name = InfoPlist.strings;
			sourceTree = "<group>";
		};
		F47C00C418782738006F5720 /* Main.storyboard */ = {
			isa = PBXVariantGroup;
			children = (
				F47C00C518782738006F5720 /* Base */,
			);
			name = Main.storyboard;
			sourceTree = "<group>";
		};
		F47C00DA18782738006F5720 /* InfoPlist.strings */ = {
			isa = PBXVariantGroup;
			children = (
				F47C00DB18782738006F5720 /* en */,
			);
			name = InfoPlist.strings;
			sourceTree = "<group>";
		};
/* End PBXVariantGroup section */

/* Begin XCBuildConfiguration section */
		F47C00DF18782738006F5720 /* Debug */ = {
			isa = XCBuildConfiguration;
			buildSettings = {
				ALWAYS_SEARCH_USER_PATHS = NO;
				ARCHS = "$(ARCHS_STANDARD_INCLUDING_64_BIT)";
				CLANG_CXX_LANGUAGE_STANDARD = "gnu++0x";
				CLANG_CXX_LIBRARY = "libc++";
				CLANG_ENABLE_MODULES = YES;
				CLANG_ENABLE_OBJC_ARC = YES;
				CLANG_WARN_BOOL_CONVERSION = YES;
				CLANG_WARN_CONSTANT_CONVERSION = YES;
				CLANG_WARN_DIRECT_OBJC_ISA_USAGE = YES_ERROR;
				CLANG_WARN_EMPTY_BODY = YES;
				CLANG_WARN_ENUM_CONVERSION = YES;
				CLANG_WARN_INT_CONVERSION = YES;
				CLANG_WARN_OBJC_ROOT_CLASS = YES_ERROR;
				CLANG_WARN__DUPLICATE_METHOD_MATCH = YES;
				"CODE_SIGN_IDENTITY[sdk=iphoneos*]" = "iPhone Developer";
				COPY_PHASE_STRIP = NO;
				GCC_C_LANGUAGE_STANDARD = gnu99;
				GCC_DYNAMIC_NO_PIC = NO;
				GCC_OPTIMIZATION_LEVEL = 0;
				GCC_PREPROCESSOR_DEFINITIONS = (
					"DEBUG=1",
					"$(inherited)",
				);
				GCC_SYMBOLS_PRIVATE_EXTERN = NO;
				GCC_WARN_64_TO_32_BIT_CONVERSION = YES;
				GCC_WARN_ABOUT_RETURN_TYPE = YES_ERROR;
				GCC_WARN_UNDECLARED_SELECTOR = YES;
				GCC_WARN_UNINITIALIZED_AUTOS = YES_AGGRESSIVE;
				GCC_WARN_UNUSED_FUNCTION = YES;
				GCC_WARN_UNUSED_VARIABLE = YES;
				IPHONEOS_DEPLOYMENT_TARGET = 7.0;
				ONLY_ACTIVE_ARCH = YES;
				SDKROOT = iphoneos;
			};
			name = Debug;
		};
		F47C00E018782738006F5720 /* Release */ = {
			isa = XCBuildConfiguration;
			buildSettings = {
				ALWAYS_SEARCH_USER_PATHS = NO;
				ARCHS = "$(ARCHS_STANDARD_INCLUDING_64_BIT)";
				CLANG_CXX_LANGUAGE_STANDARD = "gnu++0x";
				CLANG_CXX_LIBRARY = "libc++";
				CLANG_ENABLE_MODULES = YES;
				CLANG_ENABLE_OBJC_ARC = YES;
				CLANG_WARN_BOOL_CONVERSION = YES;
				CLANG_WARN_CONSTANT_CONVERSION = YES;
				CLANG_WARN_DIRECT_OBJC_ISA_USAGE = YES_ERROR;
				CLANG_WARN_EMPTY_BODY = YES;
				CLANG_WARN_ENUM_CONVERSION = YES;
				CLANG_WARN_INT_CONVERSION = YES;
				CLANG_WARN_OBJC_ROOT_CLASS = YES_ERROR;
				CLANG_WARN__DUPLICATE_METHOD_MATCH = YES;
				"CODE_SIGN_IDENTITY[sdk=iphoneos*]" = "iPhone Developer";
				COPY_PHASE_STRIP = YES;
				ENABLE_NS_ASSERTIONS = NO;
				GCC_C_LANGUAGE_STANDARD = gnu99;
				GCC_WARN_64_TO_32_BIT_CONVERSION = YES;
				GCC_WARN_ABOUT_RETURN_TYPE = YES_ERROR;
				GCC_WARN_UNDECLARED_SELECTOR = YES;
				GCC_WARN_UNINITIALIZED_AUTOS = YES_AGGRESSIVE;
				GCC_WARN_UNUSED_FUNCTION = YES;
				GCC_WARN_UNUSED_VARIABLE = YES;
				IPHONEOS_DEPLOYMENT_TARGET = 7.0;
				SDKROOT = iphoneos;
				VALIDATE_PRODUCT = YES;
			};
			name = Release;
		};
		F47C00E218782738006F5720 /* Debug */ = {
			isa = XCBuildConfiguration;
			baseConfigurationReference = D45AC603E5B542BFA0B61CAF /* Pods-AutomationDemo.xcconfig */;
			buildSettings = {
				ASSETCATALOG_COMPILER_APPICON_NAME = AppIcon;
				ASSETCATALOG_COMPILER_LAUNCHIMAGE_NAME = LaunchImage;
				GCC_PRECOMPILE_PREFIX_HEADER = YES;
				GCC_PREFIX_HEADER = "AutomationDemo/AutomationDemo-Prefix.pch";
				INFOPLIST_FILE = "AutomationDemo/AutomationDemo-Info.plist";
				IPHONEOS_DEPLOYMENT_TARGET = 7.0;
				PRODUCT_NAME = "$(TARGET_NAME)";
				WRAPPER_EXTENSION = app;
			};
			name = Debug;
		};
		F47C00E318782738006F5720 /* Release */ = {
			isa = XCBuildConfiguration;
			baseConfigurationReference = D45AC603E5B542BFA0B61CAF /* Pods-AutomationDemo.xcconfig */;
			buildSettings = {
				ASSETCATALOG_COMPILER_APPICON_NAME = AppIcon;
				ASSETCATALOG_COMPILER_LAUNCHIMAGE_NAME = LaunchImage;
				GCC_PRECOMPILE_PREFIX_HEADER = YES;
				GCC_PREFIX_HEADER = "AutomationDemo/AutomationDemo-Prefix.pch";
				INFOPLIST_FILE = "AutomationDemo/AutomationDemo-Info.plist";
				IPHONEOS_DEPLOYMENT_TARGET = 7.0;
				PRODUCT_NAME = "$(TARGET_NAME)";
				WRAPPER_EXTENSION = app;
			};
			name = Release;
		};
		F47C00E518782738006F5720 /* Debug */ = {
			isa = XCBuildConfiguration;
			baseConfigurationReference = 4097B0A9D0F64C76822B7138 /* Pods-AutomationDemoTests.xcconfig */;
			buildSettings = {
				ARCHS = "$(ARCHS_STANDARD_INCLUDING_64_BIT)";
				BUNDLE_LOADER = "$(BUILT_PRODUCTS_DIR)/AutomationDemo.app/AutomationDemo";
				FRAMEWORK_SEARCH_PATHS = (
					"$(SDKROOT)/Developer/Library/Frameworks",
					"$(inherited)",
					"$(DEVELOPER_FRAMEWORKS_DIR)",
				);
				GCC_PRECOMPILE_PREFIX_HEADER = YES;
				GCC_PREFIX_HEADER = "AutomationDemo/AutomationDemo-Prefix.pch";
				GCC_PREPROCESSOR_DEFINITIONS = (
					"DEBUG=1",
					"$(inherited)",
				);
				INFOPLIST_FILE = "AutomationDemoTests/AutomationDemoTests-Info.plist";
				PRODUCT_NAME = "$(TARGET_NAME)";
				TEST_HOST = "$(BUNDLE_LOADER)";
				WRAPPER_EXTENSION = octest;
			};
			name = Debug;
		};
		F47C00E618782738006F5720 /* Release */ = {
			isa = XCBuildConfiguration;
			baseConfigurationReference = 4097B0A9D0F64C76822B7138 /* Pods-AutomationDemoTests.xcconfig */;
			buildSettings = {
				ARCHS = "$(ARCHS_STANDARD_INCLUDING_64_BIT)";
				BUNDLE_LOADER = "$(BUILT_PRODUCTS_DIR)/AutomationDemo.app/AutomationDemo";
				FRAMEWORK_SEARCH_PATHS = (
					"$(SDKROOT)/Developer/Library/Frameworks",
					"$(inherited)",
					"$(DEVELOPER_FRAMEWORKS_DIR)",
				);
				GCC_PRECOMPILE_PREFIX_HEADER = YES;
				GCC_PREFIX_HEADER = "AutomationDemo/AutomationDemo-Prefix.pch";
				INFOPLIST_FILE = "AutomationDemoTests/AutomationDemoTests-Info.plist";
				PRODUCT_NAME = "$(TARGET_NAME)";
				TEST_HOST = "$(BUNDLE_LOADER)";
				WRAPPER_EXTENSION = octest;
			};
			name = Release;
		};
/* End XCBuildConfiguration section */

/* Begin XCConfigurationList section */
		F47C00AA18782738006F5720 /* Build configuration list for PBXProject "AutomationDemo" */ = {
			isa = XCConfigurationList;
			buildConfigurations = (
				F47C00DF18782738006F5720 /* Debug */,
				F47C00E018782738006F5720 /* Release */,
			);
			defaultConfigurationIsVisible = 0;
			defaultConfigurationName = Release;
		};
		F47C00E118782738006F5720 /* Build configuration list for PBXNativeTarget "AutomationDemo" */ = {
			isa = XCConfigurationList;
			buildConfigurations = (
				F47C00E218782738006F5720 /* Debug */,
				F47C00E318782738006F5720 /* Release */,
			);
			defaultConfigurationIsVisible = 0;
			defaultConfigurationName = Release;
		};
		F47C00E418782738006F5720 /* Build configuration list for PBXNativeTarget "AutomationDemoTests" */ = {
			isa = XCConfigurationList;
			buildConfigurations = (
				F47C00E518782738006F5720 /* Debug */,
				F47C00E618782738006F5720 /* Release */,
			);
			defaultConfigurationIsVisible = 0;
			defaultConfigurationName = Release;
		};
/* End XCConfigurationList section */
	};
	rootObject = F47C00A718782738006F5720 /* Project object */;
}
